Microsoft Visual Studio Solution File, Format Version 12.00
# Visual Studio Version 17
VisualStudioVersion = 17.5.2.0
MinimumVisualStudioVersion = 10.0.40219.1
Project("{FAE04EC0-301F-11D3-BF4B-00C04F79EFBC}") = "FerrariHR", "FerrariHR\FerrariHR.csproj", "{B7A856AB-B450-29FA-6058-DDC6D0B4BC75}"
EndProject
Global
	GlobalSection(SolutionConfigurationPlatforms) = preSolution
		Debug|Any CPU = Debug|Any CPU
		Release|Any CPU = Release|Any CPU
	EndGlobalSection
	GlobalSection(ProjectConfigurationPlatforms) = postSolution
		{B7A856AB-B450-29FA-6058-DDC6D0B4BC75}.Debug|Any CPU.ActiveCfg = Debug|Any CPU
		{B7A856AB-B450-29FA-6058-DDC6D0B4BC75}.Debug|Any CPU.Build.0 = Debug|Any CPU
		{B7A856AB-B450-29FA-6058-DDC6D0B4BC75}.Release|Any CPU.ActiveCfg = Release|Any CPU
		{B7A856AB-B450-29FA-6058-DDC6D0B4BC75}.Release|Any CPU.Build.0 = Release|Any CPU
	EndGlobalSection
	GlobalSection(SolutionProperties) = preSolution
		HideSolutionNode = FALSE
	EndGlobalSection
	GlobalSection(ExtensibilityGlobals) = postSolution
		SolutionGuid = {546B745F-EC47-4C17-A73E-2FDA40442BD9}
	EndGlobalSection
EndGlobal
